{
  "lockfileVersion": 1,
  "configVersion": 1,
  "workspaces": {
    "": {
      "name": "cachelyze-workspace",
      "devDependencies": {
        "typescript": "^5.7.3",
      },
    },
    "packages/cachelyze": {
      "name": "cachelyze",
      "version": "0.1.0",
      "bin": {
        "cachelyze": "./bin/cachelyze.js",
      },
      "dependencies": {
        "@cachelyze/cli": "workspace:*",
        "@cachelyze/core": "workspace:*",
      },
      "devDependencies": {
        "@types/node": "^22.0.0",
        "typescript": "^5.7.3",
      },
    },
    "packages/cli": {
      "name": "@cachelyze/cli",
      "version": "0.1.0",
      "bin": {
        "cachelyze": "./dist/index.js",
      },
      "dependencies": {
        "@cachelyze/core": "workspace:*",
        "citty": "^0.1.6",
      },
      "devDependencies": {
        "@types/node": "^22.0.0",
        "typescript": "^5.7.3",
      },
    },
    "packages/core": {
      "name": "@cachelyze/core",
      "version": "0.1.0",
      "devDependencies": {
        "@types/node": "^22.0.0",
        "typescript": "^5.7.3",
      },
    },
    "packages/skill": {
      "name": "@cachelyze/skill",
      "version": "0.1.0",
      "devDependencies": {
        "@types/node": "^22.0.0",
        "typescript": "^5.7.3",
      },
    },
  },
  "packages": {
    "@cachelyze/cli": ["@cachelyze/cli@workspace:packages/cli"],

    "@cachelyze/core": ["@cachelyze/core@workspace:packages/core"],

    "@cachelyze/skill": ["@cachelyze/skill@workspace:packages/skill"],

    "@types/node": ["@types/node@22.19.15", "", { "dependencies": { "undici-types": "~6.21.0" } }, "sha512-F0R/h2+dsy5wJAUe3tAU6oqa2qbWY5TpNfL/RGmo1y38hiyO1w3x2jPtt76wmuaJI4DQnOBu21cNXQ2STIUUWg=="],

    "cachelyze": ["cachelyze@workspace:packages/cachelyze"],

    "citty": ["citty@0.1.6", "", { "dependencies": { "consola": "^3.2.3" } }, "sha512-tskPPKEs8D2KPafUypv2gxwJP8h/OaJmC82QQGGDQcHvXX43xF2VDACcJVmZ0EuSxkpO9Kc4MlrA3q0+FG58AQ=="],

    "consola": ["consola@3.4.2", "", {}, "sha512-5IKcdX0nnYavi6G7TtOhwkYzyjfJlatbjMjuLSfE2kYT5pMDOilZ4OvMhi637CcDICTmz3wARPoyhqyX1Y+XvA=="],

    "typescript": ["typescript@5.9.3", "", { "bin": { "tsc": "bin/tsc", "tsserver": "bin/tsserver" } }, "sha512-jl1vZzPDinLr9eUt3J/t7V6FgNEw9QjvBPdysz9KfQDD41fQrC2Y4vKQdiaUpFT4bXlb1RHhLpp8wtm6M5TgSw=="],

    "undici-types": ["undici-types@6.21.0", "", {}, "sha512-iwDZqg0QAGrg9Rav5H4n0M64c3mkR59cJ6wQp+7C4nI0gsmExaedaYLNO44eT4AtBBwjbTiGPMlt2Md0T9H9JQ=="],
  }
}
