{
  "lockfileVersion": 1,
  "configVersion": 1,
  "workspaces": {
    "": {
      "name": "cachelyze-workspace",
      "devDependencies": {
        "@types/bun": "latest",
        "typescript": "^5.7.3",
      },
    },
    "packages/cachelyze": {
      "name": "cachelyze",
      "version": "0.4.5",
      "bin": {
        "research": "./bin/cachelyze.js",
      },
      "dependencies": {
        "@research.actor/cli": "workspace:*",
        "@research.actor/core": "workspace:*",
      },
      "devDependencies": {
        "@types/node": "^22.0.0",
        "typescript": "^5.7.3",
      },
    },
    "packages/cli": {
      "name": "@research.actor/cli",
      "version": "0.4.5",
      "bin": {
        "research": "./dist/index.js",
      },
      "dependencies": {
        "@research.actor/core": "workspace:*",
        "citty": "^0.1.6",
      },
      "devDependencies": {
        "@types/node": "^22.0.0",
        "typescript": "^5.7.3",
      },
    },
    "packages/core": {
      "name": "@research.actor/core",
      "version": "0.4.5",
      "devDependencies": {
        "@types/node": "^22.0.0",
        "typescript": "^5.7.3",
      },
    },
    "packages/research.actor": {
      "name": "research.actor",
      "version": "0.4.5",
      "bin": {
        "research": "./bin/research.actor.js",
      },
      "dependencies": {
        "@research.actor/cli": "workspace:*",
        "@research.actor/core": "workspace:*",
      },
      "devDependencies": {
        "@types/node": "^22.0.0",
        "typescript": "^5.7.3",
      },
    },
    "packages/skill": {
      "name": "@research.actor/skill",
      "version": "0.4.5",
      "devDependencies": {
        "@types/node": "^22.0.0",
        "typescript": "^5.7.3",
      },
    },
  },
  "packages": {
    "@research.actor/cli": ["@research.actor/cli@workspace:packages/cli"],

    "@research.actor/core": ["@research.actor/core@workspace:packages/core"],

    "@research.actor/skill": ["@research.actor/skill@workspace:packages/skill"],

    "@types/bun": ["@types/bun@1.3.10", "", { "dependencies": { "bun-types": "1.3.10" } }, "sha512-0+rlrUrOrTSskibryHbvQkDOWRJwJZqZlxrUs1u4oOoTln8+WIXBPmAuCF35SWB2z4Zl3E84Nl/D0P7803nigQ=="],

    "@types/node": ["@types/node@22.19.15", "", { "dependencies": { "undici-types": "~6.21.0" } }, "sha512-F0R/h2+dsy5wJAUe3tAU6oqa2qbWY5TpNfL/RGmo1y38hiyO1w3x2jPtt76wmuaJI4DQnOBu21cNXQ2STIUUWg=="],

    "bun-types": ["bun-types@1.3.10", "", { "dependencies": { "@types/node": "*" } }, "sha512-tcpfCCl6XWo6nCVnpcVrxQ+9AYN1iqMIzgrSKYMB/fjLtV2eyAVEg7AxQJuCq/26R6HpKWykQXuSOq/21RYcbg=="],

    "cachelyze": ["cachelyze@workspace:packages/cachelyze"],

    "citty": ["citty@0.1.6", "", { "dependencies": { "consola": "^3.2.3" } }, "sha512-tskPPKEs8D2KPafUypv2gxwJP8h/OaJmC82QQGGDQcHvXX43xF2VDACcJVmZ0EuSxkpO9Kc4MlrA3q0+FG58AQ=="],

    "consola": ["consola@3.4.2", "", {}, "sha512-5IKcdX0nnYavi6G7TtOhwkYzyjfJlatbjMjuLSfE2kYT5pMDOilZ4OvMhi637CcDICTmz3wARPoyhqyX1Y+XvA=="],

    "research.actor": ["research.actor@workspace:packages/research.actor"],

    "typescript": ["typescript@5.9.3", "", { "bin": { "tsc": "bin/tsc", "tsserver": "bin/tsserver" } }, "sha512-jl1vZzPDinLr9eUt3J/t7V6FgNEw9QjvBPdysz9KfQDD41fQrC2Y4vKQdiaUpFT4bXlb1RHhLpp8wtm6M5TgSw=="],

    "undici-types": ["undici-types@6.21.0", "", {}, "sha512-iwDZqg0QAGrg9Rav5H4n0M64c3mkR59cJ6wQp+7C4nI0gsmExaedaYLNO44eT4AtBBwjbTiGPMlt2Md0T9H9JQ=="],
  }
}
